// !$*UTF8*$!
{
	archiveVersion = 1;
	classes = {
	};
	objectVersion = 46;
	objects = {

/* Begin PBXBuildFile section */
		207325D65FD00FF477EBD803 /* libPods-Test.a in Frameworks */ = {isa = PBXBuildFile; fileRef = 3F50A93E0B078170654EA8CC /* libPods-Test.a */; };
		8E1677121D1C1BAA004F88D0 /* AppDelegate.swift in Sources */ = {isa = PBXBuildFile; fileRef = 8E1677111D1C1BAA004F88D0 /* AppDelegate.swift */; };
		8E1677191D1C1BAB004F88D0 /* Main.storyboard in Resources */ = {isa = PBXBuildFile; fileRef = 8E1677171D1C1BAB004F88D0 /* Main.storyboard */; };
		8E16771B1D1C1BAC004F88D0 /* Assets.xcassets in Resources */ = {isa = PBXBuildFile; fileRef = 8E16771A1D1C1BAC004F88D0 /* Assets.xcassets */; };
		8E16771E1D1C1BAC004F88D0 /* LaunchScreen.storyboard in Resources */ = {isa = PBXBuildFile; fileRef = 8E16771C1D1C1BAC004F88D0 /* LaunchScreen.storyboard */; };
		8E34A6D41D9094F5006B409A /* ActivityDescriptionController.swift in Sources */ = {isa = PBXBuildFile; fileRef = 8E34A6D31D9094F5006B409A /* ActivityDescriptionController.swift */; };
		8E34A6D61D90A717006B409A /* defaultUserImg.gif in Resources */ = {isa = PBXBuildFile; fileRef = 8E34A6D51D90A717006B409A /* defaultUserImg.gif */; };
		8E75A5C91D902D8600E451C5 /* UnderwaterBG.jpg in Resources */ = {isa = PBXBuildFile; fileRef = 8E75A5C81D902D8600E451C5 /* UnderwaterBG.jpg */; };
		8E75A5CB1D902D9600E451C5 /* Palms.jpg in Resources */ = {isa = PBXBuildFile; fileRef = 8E75A5CA1D902D9600E451C5 /* Palms.jpg */; };
		930D855D1D9B3FA600D33293 /* LocationViewController.swift in Sources */ = {isa = PBXBuildFile; fileRef = 930D855C1D9B3FA600D33293 /* LocationViewController.swift */; };
		9328A2D21D35645B0002E6B5 /* GeneralSettings.swift in Sources */ = {isa = PBXBuildFile; fileRef = 9328A2D11D35645B0002E6B5 /* GeneralSettings.swift */; };
		9336E3741D3860A0009CA15D /* ProgressHUD.bundle in Resources */ = {isa = PBXBuildFile; fileRef = 9336E3711D3860A0009CA15D /* ProgressHUD.bundle */; };
		9336E3751D3860A0009CA15D /* ProgressHUD.m in Sources */ = {isa = PBXBuildFile; fileRef = 9336E3731D3860A0009CA15D /* ProgressHUD.m */; };
		936589821DA963500089A3CA /* SecondViewController.swift in Sources */ = {isa = PBXBuildFile; fileRef = 936589811DA963500089A3CA /* SecondViewController.swift */; };
		936589841DA963860089A3CA /* RegisterViewController.swift in Sources */ = {isa = PBXBuildFile; fileRef = 936589831DA963860089A3CA /* RegisterViewController.swift */; };
		936589861DA963A10089A3CA /* LoginViewController.swift in Sources */ = {isa = PBXBuildFile; fileRef = 936589851DA963A10089A3CA /* LoginViewController.swift */; };
		936589881DA963B80089A3CA /* WelcomeViewController.swift in Sources */ = {isa = PBXBuildFile; fileRef = 936589871DA963B80089A3CA /* WelcomeViewController.swift */; };
		93BF115C1D4E9CF5007A2A5A /* TableViewController.swift in Sources */ = {isa = PBXBuildFile; fileRef = 93BF115B1D4E9CF5007A2A5A /* TableViewController.swift */; };
		93BF1BA91DA9607B0021412B /* FirstViewController.swift in Sources */ = {isa = PBXBuildFile; fileRef = 93BF1BA81DA9607B0021412B /* FirstViewController.swift */; };
/* End PBXBuildFile section */

/* Begin PBXFileReference section */
		3F50A93E0B078170654EA8CC /* libPods-Test.a */ = {isa = PBXFileReference; explicitFileType = archive.ar; includeInIndex = 0; path = "libPods-Test.a"; sourceTree = BUILT_PRODUCTS_DIR; };
		8E16770E1D1C1BAA004F88D0 /* Test.app */ = {isa = PBXFileReference; explicitFileType = wrapper.application; includeInIndex = 0; path = Test.app; sourceTree = BUILT_PRODUCTS_DIR; };
		8E1677111D1C1BAA004F88D0 /* AppDelegate.swift */ = {isa = PBXFileReference; lastKnownFileType = sourcecode.swift; path = AppDelegate.swift; sourceTree = "<group>"; };
		8E1677181D1C1BAB004F88D0 /* Base */ = {isa = PBXFileReference; lastKnownFileType = file.storyboard; name = Base; path = Base.lproj/Main.storyboard; sourceTree = "<group>"; };
		8E16771A1D1C1BAC004F88D0 /* Assets.xcassets */ = {isa = PBXFileReference; lastKnownFileType = folder.assetcatalog; path = Assets.xcassets; sourceTree = "<group>"; };
		8E16771D1D1C1BAC004F88D0 /* Base */ = {isa = PBXFileReference; lastKnownFileType = file.storyboard; name = Base; path = Base.lproj/LaunchScreen.storyboard; sourceTree = "<group>"; };
		8E16771F1D1C1BAC004F88D0 /* Info.plist */ = {isa = PBXFileReference; lastKnownFileType = text.plist.xml; path = Info.plist; sourceTree = "<group>"; };
		8E34A6D31D9094F5006B409A /* ActivityDescriptionController.swift */ = {isa = PBXFileReference; fileEncoding = 4; lastKnownFileType = sourcecode.swift; path = ActivityDescriptionController.swift; sourceTree = "<group>"; };
		8E34A6D51D90A717006B409A /* defaultUserImg.gif */ = {isa = PBXFileReference; lastKnownFileType = image.gif; path = defaultUserImg.gif; sourceTree = "<group>"; };
		8E75A5C81D902D8600E451C5 /* UnderwaterBG.jpg */ = {isa = PBXFileReference; lastKnownFileType = image.jpeg; path = UnderwaterBG.jpg; sourceTree = "<group>"; };
		8E75A5CA1D902D9600E451C5 /* Palms.jpg */ = {isa = PBXFileReference; lastKnownFileType = image.jpeg; path = Palms.jpg; sourceTree = "<group>"; };
		930D855C1D9B3FA600D33293 /* LocationViewController.swift */ = {isa = PBXFileReference; fileEncoding = 4; lastKnownFileType = sourcecode.swift; path = LocationViewController.swift; sourceTree = "<group>"; };
		9328A2D11D35645B0002E6B5 /* GeneralSettings.swift */ = {isa = PBXFileReference; fileEncoding = 4; lastKnownFileType = sourcecode.swift; path = GeneralSettings.swift; sourceTree = "<group>"; };
		9336E3711D3860A0009CA15D /* ProgressHUD.bundle */ = {isa = PBXFileReference; lastKnownFileType = "wrapper.plug-in"; path = ProgressHUD.bundle; sourceTree = "<group>"; };
		9336E3721D3860A0009CA15D /* ProgressHUD.h */ = {isa = PBXFileReference; fileEncoding = 4; lastKnownFileType = sourcecode.c.h; path = ProgressHUD.h; sourceTree = "<group>"; };
		9336E3731D3860A0009CA15D /* ProgressHUD.m */ = {isa = PBXFileReference; fileEncoding = 4; lastKnownFileType = sourcecode.c.objc; path = ProgressHUD.m; sourceTree = "<group>"; };
		936589811DA963500089A3CA /* SecondViewController.swift */ = {isa = PBXFileReference; fileEncoding = 4; lastKnownFileType = sourcecode.swift; path = SecondViewController.swift; sourceTree = "<group>"; };
		936589831DA963860089A3CA /* RegisterViewController.swift */ = {isa = PBXFileReference; fileEncoding = 4; lastKnownFileType = sourcecode.swift; path = RegisterViewController.swift; sourceTree = "<group>"; };
		936589851DA963A10089A3CA /* LoginViewController.swift */ = {isa = PBXFileReference; fileEncoding = 4; lastKnownFileType = sourcecode.swift; path = LoginViewController.swift; sourceTree = "<group>"; };
		936589871DA963B80089A3CA /* WelcomeViewController.swift */ = {isa = PBXFileReference; fileEncoding = 4; lastKnownFileType = sourcecode.swift; path = WelcomeViewController.swift; sourceTree = "<group>"; };
		93BF115B1D4E9CF5007A2A5A /* TableViewController.swift */ = {isa = PBXFileReference; fileEncoding = 4; lastKnownFileType = sourcecode.swift; path = TableViewController.swift; sourceTree = "<group>"; };
		93BF1BA81DA9607B0021412B /* FirstViewController.swift */ = {isa = PBXFileReference; fileEncoding = 4; lastKnownFileType = sourcecode.swift; path = FirstViewController.swift; sourceTree = "<group>"; };
		CF7CE03955DB40C8E1B9D44E /* Pods-Test.release.xcconfig */ = {isa = PBXFileReference; includeInIndex = 1; lastKnownFileType = text.xcconfig; name = "Pods-Test.release.xcconfig"; path = "Pods/Target Support Files/Pods-Test/Pods-Test.release.xcconfig"; sourceTree = "<group>"; };
		FFD6AEC11E6954B75664C9CC /* Pods-Test.debug.xcconfig */ = {isa = PBXFileReference; includeInIndex = 1; lastKnownFileType = text.xcconfig; name = "Pods-Test.debug.xcconfig"; path = "Pods/Target Support Files/Pods-Test/Pods-Test.debug.xcconfig"; sourceTree = "<group>"; };
/* End PBXFileReference section */

/* Begin PBXFrameworksBuildPhase section */
		8E16770B1D1C1BAA004F88D0 /* Frameworks */ = {
			isa = PBXFrameworksBuildPhase;
			buildActionMask = 2147483647;
			files = (
				207325D65FD00FF477EBD803 /* libPods-Test.a in Frameworks */,
			);
			runOnlyForDeploymentPostprocessing = 0;
		};
/* End PBXFrameworksBuildPhase section */

/* Begin PBXGroup section */
		0047F3384598EC249B8E2A2B /* Frameworks */ = {
			isa = PBXGroup;
			children = (
				3F50A93E0B078170654EA8CC /* libPods-Test.a */,
			);
			name = Frameworks;
			sourceTree = "<group>";
		};
		8438F2794E3AE4825C350920 /* Pods */ = {
			isa = PBXGroup;
			children = (
				FFD6AEC11E6954B75664C9CC /* Pods-Test.debug.xcconfig */,
				CF7CE03955DB40C8E1B9D44E /* Pods-Test.release.xcconfig */,
			);
			name = Pods;
			sourceTree = "<group>";
		};
		8E1677051D1C1BAA004F88D0 = {
			isa = PBXGroup;
			children = (
				9336E3701D3860A0009CA15D /* ProgressHUD */,
				8E1677101D1C1BAA004F88D0 /* Test */,
				8E16770F1D1C1BAA004F88D0 /* Products */,
				8438F2794E3AE4825C350920 /* Pods */,
				0047F3384598EC249B8E2A2B /* Frameworks */,
			);
			sourceTree = "<group>";
		};
		8E16770F1D1C1BAA004F88D0 /* Products */ = {
			isa = PBXGroup;
			children = (
				8E16770E1D1C1BAA004F88D0 /* Test.app */,
			);
			name = Products;
			sourceTree = "<group>";
		};
		8E1677101D1C1BAA004F88D0 /* Test */ = {
			isa = PBXGroup;
			children = (
				933B5DEF1D99EB4800B4D892 /* Images */,
				8E1677111D1C1BAA004F88D0 /* AppDelegate.swift */,
				9328A2D01D3564440002E6B5 /* Login */,
				9336E3681D385C5F009CA15D /* Main */,
				8E1677171D1C1BAB004F88D0 /* Main.storyboard */,
				9328A2D11D35645B0002E6B5 /* GeneralSettings.swift */,
				8E16771A1D1C1BAC004F88D0 /* Assets.xcassets */,
				8E16771C1D1C1BAC004F88D0 /* LaunchScreen.storyboard */,
				8E16771F1D1C1BAC004F88D0 /* Info.plist */,
			);
			path = Test;
			sourceTree = "<group>";
		};
		9328A2D01D3564440002E6B5 /* Login */ = {
			isa = PBXGroup;
			children = (
				936589871DA963B80089A3CA /* WelcomeViewController.swift */,
				936589831DA963860089A3CA /* RegisterViewController.swift */,
				936589851DA963A10089A3CA /* LoginViewController.swift */,
			);
			name = Login;
			sourceTree = "<group>";
		};
		9336E3681D385C5F009CA15D /* Main */ = {
			isa = PBXGroup;
			children = (
				93BF1BA81DA9607B0021412B /* FirstViewController.swift */,
				936589811DA963500089A3CA /* SecondViewController.swift */,
				93BF115B1D4E9CF5007A2A5A /* TableViewController.swift */,
				930D855C1D9B3FA600D33293 /* LocationViewController.swift */,
				8E34A6D31D9094F5006B409A /* ActivityDescriptionController.swift */,
			);
			name = Main;
			sourceTree = "<group>";
		};
		9336E3701D3860A0009CA15D /* ProgressHUD */ = {
			isa = PBXGroup;
			children = (
				9336E3711D3860A0009CA15D /* ProgressHUD.bundle */,
				9336E3721D3860A0009CA15D /* ProgressHUD.h */,
				9336E3731D3860A0009CA15D /* ProgressHUD.m */,
			);
			name = ProgressHUD;
			path = Test/ProgressHUD;
			sourceTree = "<group>";
		};
		933B5DEF1D99EB4800B4D892 /* Images */ = {
			isa = PBXGroup;
			children = (
				8E75A5CA1D902D9600E451C5 /* Palms.jpg */,
				8E34A6D51D90A717006B409A /* defaultUserImg.gif */,
				8E75A5C81D902D8600E451C5 /* UnderwaterBG.jpg */,
			);
			name = Images;
			sourceTree = "<group>";
		};
/* End PBXGroup section */

/* Begin PBXNativeTarget section */
		8E16770D1D1C1BAA004F88D0 /* Test */ = {
			isa = PBXNativeTarget;
			buildConfigurationList = 8E1677221D1C1BAC004F88D0 /* Build configuration list for PBXNativeTarget "Test" */;
			buildPhases = (
				B3B4012FC7E78C10EAD7F586 /* [CP] Check Pods Manifest.lock */,
				8E16770A1D1C1BAA004F88D0 /* Sources */,
				8E16770B1D1C1BAA004F88D0 /* Frameworks */,
				8E16770C1D1C1BAA004F88D0 /* Resources */,
				36765F9E8D82028F28049CC1 /* [CP] Embed Pods Frameworks */,
				EA169EDC6B0C41F6A30C7C2B /* [CP] Copy Pods Resources */,
			);
			buildRules = (
			);
			dependencies = (
			);
			name = Test;
			productName = Test;
			productReference = 8E16770E1D1C1BAA004F88D0 /* Test.app */;
			productType = "com.apple.product-type.application";
		};
/* End PBXNativeTarget section */

/* Begin PBXProject section */
		8E1677061D1C1BAA004F88D0 /* Project object */ = {
			isa = PBXProject;
			attributes = {
				LastSwiftUpdateCheck = 0720;
				LastUpgradeCheck = 0800;
				ORGANIZATIONNAME = "Wasan Shubbar";
				TargetAttributes = {
					8E16770D1D1C1BAA004F88D0 = {
						CreatedOnToolsVersion = 7.2.1;
						LastSwiftMigration = 0800;
					};
				};
			};
			buildConfigurationList = 8E1677091D1C1BAA004F88D0 /* Build configuration list for PBXProject "Test" */;
			compatibilityVersion = "Xcode 3.2";
			developmentRegion = English;
			hasScannedForEncodings = 0;
			knownRegions = (
				en,
				Base,
			);
			mainGroup = 8E1677051D1C1BAA004F88D0;
			productRefGroup = 8E16770F1D1C1BAA004F88D0 /* Products */;
			projectDirPath = "";
			projectRoot = "";
			targets = (
				8E16770D1D1C1BAA004F88D0 /* Test */,
			);
		};
/* End PBXProject section */

/* Begin PBXResourcesBuildPhase section */
		8E16770C1D1C1BAA004F88D0 /* Resources */ = {
			isa = PBXResourcesBuildPhase;
			buildActionMask = 2147483647;
			files = (
				9336E3741D3860A0009CA15D /* ProgressHUD.bundle in Resources */,
				8E16771E1D1C1BAC004F88D0 /* LaunchScreen.storyboard in Resources */,
				8E16771B1D1C1BAC004F88D0 /* Assets.xcassets in Resources */,
				8E75A5CB1D902D9600E451C5 /* Palms.jpg in Resources */,
				8E75A5C91D902D8600E451C5 /* UnderwaterBG.jpg in Resources */,
				8E1677191D1C1BAB004F88D0 /* Main.storyboard in Resources */,
				8E34A6D61D90A717006B409A /* defaultUserImg.gif in Resources */,
			);
			runOnlyForDeploymentPostprocessing = 0;
		};
/* End PBXResourcesBuildPhase section */

/* Begin PBXShellScriptBuildPhase section */
		36765F9E8D82028F28049CC1 /* [CP] Embed Pods Frameworks */ = {
			isa = PBXShellScriptBuildPhase;
			buildActionMask = 2147483647;
			files = (
			);
			inputPaths = (
			);
			name = "[CP] Embed Pods Frameworks";
			outputPaths = (
			);
			runOnlyForDeploymentPostprocessing = 0;
			shellPath = /bin/sh;
			shellScript = "\"${SRCROOT}/Pods/Target Support Files/Pods-Test/Pods-Test-frameworks.sh\"\n";
			showEnvVarsInLog = 0;
		};
		B3B4012FC7E78C10EAD7F586 /* [CP] Check Pods Manifest.lock */ = {
			isa = PBXShellScriptBuildPhase;
			buildActionMask = 2147483647;
			files = (
			);
			inputPaths = (
			);
			name = "[CP] Check Pods Manifest.lock";
			outputPaths = (
			);
			runOnlyForDeploymentPostprocessing = 0;
			shellPath = /bin/sh;
			shellScript = "diff \"${PODS_ROOT}/../Podfile.lock\" \"${PODS_ROOT}/Manifest.lock\" > /dev/null\nif [[ $? != 0 ]] ; then\n    cat << EOM\nerror: The sandbox is not in sync with the Podfile.lock. Run 'pod install' or update your CocoaPods installation.\nEOM\n    exit 1\nfi\n";
			showEnvVarsInLog = 0;
		};
		EA169EDC6B0C41F6A30C7C2B /* [CP] Copy Pods Resources */ = {
			isa = PBXShellScriptBuildPhase;
			buildActionMask = 2147483647;
			files = (
			);
			inputPaths = (
			);
			name = "[CP] Copy Pods Resources";
			outputPaths = (
			);
			runOnlyForDeploymentPostprocessing = 0;
			shellPath = /bin/sh;
			shellScript = "\"${SRCROOT}/Pods/Target Support Files/Pods-Test/Pods-Test-resources.sh\"\n";
			showEnvVarsInLog = 0;
		};
/* End PBXShellScriptBuildPhase section */

/* Begin PBXSourcesBuildPhase section */
		8E16770A1D1C1BAA004F88D0 /* Sources */ = {
			isa = PBXSourcesBuildPhase;
			buildActionMask = 2147483647;
			files = (
				936589821DA963500089A3CA /* SecondViewController.swift in Sources */,
				936589841DA963860089A3CA /* RegisterViewController.swift in Sources */,
				936589881DA963B80089A3CA /* WelcomeViewController.swift in Sources */,
				9336E3751D3860A0009CA15D /* ProgressHUD.m in Sources */,
				8E1677121D1C1BAA004F88D0 /* AppDelegate.swift in Sources */,
				93BF1BA91DA9607B0021412B /* FirstViewController.swift in Sources */,
				8E34A6D41D9094F5006B409A /* ActivityDescriptionController.swift in Sources */,
				930D855D1D9B3FA600D33293 /* LocationViewController.swift in Sources */,
				93BF115C1D4E9CF5007A2A5A /* TableViewController.swift in Sources */,
				9328A2D21D35645B0002E6B5 /* GeneralSettings.swift in Sources */,
				936589861DA963A10089A3CA /* LoginViewController.swift in Sources */,
			);
			runOnlyForDeploymentPostprocessing = 0;
		};
/* End PBXSourcesBuildPhase section */

/* Begin PBXVariantGroup section */
		8E1677171D1C1BAB004F88D0 /* Main.storyboard */ = {
			isa = PBXVariantGroup;
			children = (
				8E1677181D1C1BAB004F88D0 /* Base */,
			);
			name = Main.storyboard;
			sourceTree = "<group>";
		};
		8E16771C1D1C1BAC004F88D0 /* LaunchScreen.storyboard */ = {
			isa = PBXVariantGroup;
			children = (
				8E16771D1D1C1BAC004F88D0 /* Base */,
			);
			name = LaunchScreen.storyboard;
			sourceTree = "<group>";
		};
/* End PBXVariantGroup section */

/* Begin XCBuildConfiguration section */
		8E1677201D1C1BAC004F88D0 /* Debug */ = {
			isa = XCBuildConfiguration;
			buildSettings = {
				ALWAYS_SEARCH_USER_PATHS = NO;
				CLANG_CXX_LANGUAGE_STANDARD = "gnu++0x";
				CLANG_CXX_LIBRARY = "libc++";
				CLANG_ENABLE_MODULES = YES;
				CLANG_ENABLE_OBJC_ARC = YES;
				CLANG_WARN_BOOL_CONVERSION = YES;
				CLANG_WARN_CONSTANT_CONVERSION = YES;
				CLANG_WARN_DIRECT_OBJC_ISA_USAGE = YES_ERROR;
				CLANG_WARN_EMPTY_BODY = YES;
				CLANG_WARN_ENUM_CONVERSION = YES;
				CLANG_WARN_INFINITE_RECURSION = YES;
				CLANG_WARN_INT_CONVERSION = YES;
				CLANG_WARN_OBJC_ROOT_CLASS = YES_ERROR;
				CLANG_WARN_SUSPICIOUS_MOVE = YES;
				CLANG_WARN_UNREACHABLE_CODE = YES;
				CLANG_WARN__DUPLICATE_METHOD_MATCH = YES;
				"CODE_SIGN_IDENTITY[sdk=iphoneos*]" = "iPhone Developer";
				COPY_PHASE_STRIP = NO;
				DEBUG_INFORMATION_FORMAT = dwarf;
				ENABLE_STRICT_OBJC_MSGSEND = YES;
				ENABLE_TESTABILITY = YES;
				GCC_C_LANGUAGE_STANDARD = gnu99;
				GCC_DYNAMIC_NO_PIC = NO;
				GCC_NO_COMMON_BLOCKS = YES;
				GCC_OPTIMIZATION_LEVEL = 0;
				GCC_PREPROCESSOR_DEFINITIONS = (
					"DEBUG=1",
					"$(inherited)",
				);
				GCC_WARN_64_TO_32_BIT_CONVERSION = YES;
				GCC_WARN_ABOUT_RETURN_TYPE = YES_ERROR;
				GCC_WARN_UNDECLARED_SELECTOR = YES;
				GCC_WARN_UNINITIALIZED_AUTOS = YES_AGGRESSIVE;
				GCC_WARN_UNUSED_FUNCTION = YES;
				GCC_WARN_UNUSED_VARIABLE = YES;
				IPHONEOS_DEPLOYMENT_TARGET = 9.2;
				MTL_ENABLE_DEBUG_INFO = YES;
				ONLY_ACTIVE_ARCH = YES;
				SDKROOT = iphoneos;
				SWIFT_OPTIMIZATION_LEVEL = "-Onone";
			};
			name = Debug;
		};
		8E1677211D1C1BAC004F88D0 /* Release */ = {
			isa = XCBuildConfiguration;
			buildSettings = {
				ALWAYS_SEARCH_USER_PATHS = NO;
				CLANG_CXX_LANGUAGE_STANDARD = "gnu++0x";
				CLANG_CXX_LIBRARY = "libc++";
				CLANG_ENABLE_MODULES = YES;
				CLANG_ENABLE_OBJC_ARC = YES;
				CLANG_WARN_BOOL_CONVERSION = YES;
				CLANG_WARN_CONSTANT_CONVERSION = YES;
				CLANG_WARN_DIRECT_OBJC_ISA_USAGE = YES_ERROR;
				CLANG_WARN_EMPTY_BODY = YES;
				CLANG_WARN_ENUM_CONVERSION = YES;
				CLANG_WARN_INFINITE_RECURSION = YES;
				CLANG_WARN_INT_CONVERSION = YES;
				CLANG_WARN_OBJC_ROOT_CLASS = YES_ERROR;
				CLANG_WARN_SUSPICIOUS_MOVE = YES;
				CLANG_WARN_UNREACHABLE_CODE = YES;
				CLANG_WARN__DUPLICATE_METHOD_MATCH = YES;
				"CODE_SIGN_IDENTITY[sdk=iphoneos*]" = "iPhone Developer";
				COPY_PHASE_STRIP = NO;
				DEBUG_INFORMATION_FORMAT = "dwarf-with-dsym";
				ENABLE_NS_ASSERTIONS = NO;
				ENABLE_STRICT_OBJC_MSGSEND = YES;
				GCC_C_LANGUAGE_STANDARD = gnu99;
				GCC_NO_COMMON_BLOCKS = YES;
				GCC_WARN_64_TO_32_BIT_CONVERSION = YES;
				GCC_WARN_ABOUT_RETURN_TYPE = YES_ERROR;
				GCC_WARN_UNDECLARED_SELECTOR = YES;
				GCC_WARN_UNINITIALIZED_AUTOS = YES_AGGRESSIVE;
				GCC_WARN_UNUSED_FUNCTION = YES;
				GCC_WARN_UNUSED_VARIABLE = YES;
				IPHONEOS_DEPLOYMENT_TARGET = 9.2;
				MTL_ENABLE_DEBUG_INFO = NO;
				SDKROOT = iphoneos;
				SWIFT_OPTIMIZATION_LEVEL = "-Owholemodule";
				VALIDATE_PRODUCT = YES;
			};
			name = Release;
		};
		8E1677231D1C1BAC004F88D0 /* Debug */ = {
			isa = XCBuildConfiguration;
			baseConfigurationReference = FFD6AEC11E6954B75664C9CC /* Pods-Test.debug.xcconfig */;
			buildSettings = {
				ASSETCATALOG_COMPILER_APPICON_NAME = AppIcon;
				CODE_SIGN_IDENTITY = "iPhone Developer";
				INFOPLIST_FILE = Test/Info.plist;
				LD_RUNPATH_SEARCH_PATHS = "$(inherited) @executable_path/Frameworks";
				PRODUCT_BUNDLE_IDENTIFIER = com.smakadicy.Test;
				PRODUCT_NAME = "$(TARGET_NAME)";
				SWIFT_VERSION = 3.0;
			};
			name = Debug;
		};
		8E1677241D1C1BAC004F88D0 /* Release */ = {
			isa = XCBuildConfiguration;
			baseConfigurationReference = CF7CE03955DB40C8E1B9D44E /* Pods-Test.release.xcconfig */;
			buildSettings = {
				ASSETCATALOG_COMPILER_APPICON_NAME = AppIcon;
				CODE_SIGN_IDENTITY = "iPhone Developer";
				INFOPLIST_FILE = Test/Info.plist;
				LD_RUNPATH_SEARCH_PATHS = "$(inherited) @executable_path/Frameworks";
				PRODUCT_BUNDLE_IDENTIFIER = com.smakadicy.Test;
				PRODUCT_NAME = "$(TARGET_NAME)";
				SWIFT_VERSION = 3.0;
			};
			name = Release;
		};
/* End XCBuildConfiguration section */

/* Begin XCConfigurationList section */
		8E1677091D1C1BAA004F88D0 /* Build configuration list for PBXProject "Test" */ = {
			isa = XCConfigurationList;
			buildConfigurations = (
				8E1677201D1C1BAC004F88D0 /* Debug */,
				8E1677211D1C1BAC004F88D0 /* Release */,
			);
			defaultConfigurationIsVisible = 0;
			defaultConfigurationName = Release;
		};
		8E1677221D1C1BAC004F88D0 /* Build configuration list for PBXNativeTarget "Test" */ = {
			isa = XCConfigurationList;
			buildConfigurations = (
				8E1677231D1C1BAC004F88D0 /* Debug */,
				8E1677241D1C1BAC004F88D0 /* Release */,
			);
			defaultConfigurationIsVisible = 0;
			defaultConfigurationName = Release;
		};
/* End XCConfigurationList section */
	};
	rootObject = 8E1677061D1C1BAA004F88D0 /* Project object */;
}
